Microsoft Visual Studio Solution File, Format Version 11.00
# Visual Studio 2008

Project("{CF6BD11E-E072-611F-D5A5-FF17D4B34BA3}") = "ANM_3a2", "Assembly-CSharp-firstpass.csproj", "{D292E32C-6A03-EED1-861C-92BDBD0ED6CA}"
EndProject
Project("{CF6BD11E-E072-611F-D5A5-FF17D4B34BA3}") = "ANM_3a2", "Assembly-CSharp.csproj", "{580BBA38-F154-AE4F-6D0E-6B8F81E91124}"
EndProject
Project("{CF6BD11E-E072-611F-D5A5-FF17D4B34BA3}") = "ANM_3a2", "Assembly-CSharp-Editor.csproj", "{382717F8-DDE3-3BAA-F7D0-B45897CDD8C0}"
EndProject
Project("{CF6BD11E-E072-611F-D5A5-FF17D4B34BA3}") = "ANM_3a2", "Assembly-UnityScript-firstpass.unityproj", "{95E3A07D-130F-AF37-9EFD-57EBD162D9F6}"
EndProject
Project("{CF6BD11E-E072-611F-D5A5-FF17D4B34BA3}") = "ANM_3a2", "Assembly-UnityScript.unityproj", "{1270194A-CB22-9E08-D26A-C0C8C078F515}"
EndProject
Global
	GlobalSection(SolutionConfigurationPlatforms) = preSolution
		Debug|Any CPU = Debug|Any CPU
		Release|Any CPU = Release|Any CPU
	EndGlobalSection
	GlobalSection(ProjectConfigurationPlatforms) = postSolution
		{D292E32C-6A03-EED1-861C-92BDBD0ED6CA}.Debug|Any CPU.ActiveCfg = Debug|Any CPU
		{D292E32C-6A03-EED1-861C-92BDBD0ED6CA}.Debug|Any CPU.Build.0 = Debug|Any CPU
		{D292E32C-6A03-EED1-861C-92BDBD0ED6CA}.Release|Any CPU.ActiveCfg = Release|Any CPU
		{D292E32C-6A03-EED1-861C-92BDBD0ED6CA}.Release|Any CPU.Build.0 = Release|Any CPU
		{580BBA38-F154-AE4F-6D0E-6B8F81E91124}.Debug|Any CPU.ActiveCfg = Debug|Any CPU
		{580BBA38-F154-AE4F-6D0E-6B8F81E91124}.Debug|Any CPU.Build.0 = Debug|Any CPU
		{580BBA38-F154-AE4F-6D0E-6B8F81E91124}.Release|Any CPU.ActiveCfg = Release|Any CPU
		{580BBA38-F154-AE4F-6D0E-6B8F81E91124}.Release|Any CPU.Build.0 = Release|Any CPU
		{382717F8-DDE3-3BAA-F7D0-B45897CDD8C0}.Debug|Any CPU.ActiveCfg = Debug|Any CPU
		{382717F8-DDE3-3BAA-F7D0-B45897CDD8C0}.Debug|Any CPU.Build.0 = Debug|Any CPU
		{382717F8-DDE3-3BAA-F7D0-B45897CDD8C0}.Release|Any CPU.ActiveCfg = Release|Any CPU
		{382717F8-DDE3-3BAA-F7D0-B45897CDD8C0}.Release|Any CPU.Build.0 = Release|Any CPU
		{95E3A07D-130F-AF37-9EFD-57EBD162D9F6}.Debug|Any CPU.ActiveCfg = Debug|Any CPU
		{95E3A07D-130F-AF37-9EFD-57EBD162D9F6}.Debug|Any CPU.Build.0 = Debug|Any CPU
		{95E3A07D-130F-AF37-9EFD-57EBD162D9F6}.Release|Any CPU.ActiveCfg = Release|Any CPU
		{95E3A07D-130F-AF37-9EFD-57EBD162D9F6}.Release|Any CPU.Build.0 = Release|Any CPU
		{1270194A-CB22-9E08-D26A-C0C8C078F515}.Debug|Any CPU.ActiveCfg = Debug|Any CPU
		{1270194A-CB22-9E08-D26A-C0C8C078F515}.Debug|Any CPU.Build.0 = Debug|Any CPU
		{1270194A-CB22-9E08-D26A-C0C8C078F515}.Release|Any CPU.ActiveCfg = Release|Any CPU
		{1270194A-CB22-9E08-D26A-C0C8C078F515}.Release|Any CPU.Build.0 = Release|Any CPU
	EndGlobalSection
	GlobalSection(SolutionProperties) = preSolution
		HideSolutionNode = FALSE
	EndGlobalSection
																							GlobalSection(MonoDevelopProperties) = preSolution
		StartupItem = Assembly-CSharp.csproj
		Policies = $0
		$0.TextStylePolicy = $1
		$1.inheritsSet = null
		$1.scope = text/x-csharp
		$0.CSharpFormattingPolicy = $2
		$2.inheritsSet = Mono
		$2.inheritsScope = text/x-csharp
		$2.scope = text/x-csharp
		$0.TextStylePolicy = $3
		$3.FileWidth = 120
		$3.TabWidth = 4
		$3.IndentWidth = 4
		$3.EolMarker = Unix
		$3.inheritsSet = Mono
		$3.inheritsScope = text/plain
		$3.scope = text/plain
	EndGlobalSection

EndGlobal
